{
  "object": {
    "pins": [
      {
        "package": "SWXMLHash",
        "repositoryURL": "https://github.com/drmohundro/SWXMLHash.git",
        "state": {
          "branch": null,
          "revision": "12496b370363034ccc919e1d72a99b9970b4941e",
          "version": "4.2.5"
        }
      }
    ]
  },
  "version": 1
}
